
Microsoft Visual Studio Solution File, Format Version 12.00
# Visual Studio Version 17
VisualStudioVersion = 17.8.34511.84
MinimumVisualStudioVersion = 10.0.40219.1
Project("{FAE04EC0-301F-11D3-BF4B-00C04F79EFBC}") = "OnlineShop", "OnlineShop\OnlineShop.csproj", "{1C25A5E9-278A-4A55-994D-991CBF7E4CCF}"
EndProject
Project("{FAE04EC0-301F-11D3-BF4B-00C04F79EFBC}") = "test_mvc", "test_mvc\test_mvc.csproj", "{29168A71-1D4C-4E12-82D3-55DA1A67358A}"
EndProject
Global
	GlobalSection(SolutionConfigurationPlatforms) = preSolution
		Debug|Any CPU = Debug|Any CPU
		Release|Any CPU = Release|Any CPU
	EndGlobalSection
	GlobalSection(ProjectConfigurationPlatforms) = postSolution
		{1C25A5E9-278A-4A55-994D-991CBF7E4CCF}.Debug|Any CPU.ActiveCfg = Debug|Any CPU
		{1C25A5E9-278A-4A55-994D-991CBF7E4CCF}.Debug|Any CPU.Build.0 = Debug|Any CPU
		{1C25A5E9-278A-4A55-994D-991CBF7E4CCF}.Release|Any CPU.ActiveCfg = Release|Any CPU
		{1C25A5E9-278A-4A55-994D-991CBF7E4CCF}.Release|Any CPU.Build.0 = Release|Any CPU
		{29168A71-1D4C-4E12-82D3-55DA1A67358A}.Debug|Any CPU.ActiveCfg = Debug|Any CPU
		{29168A71-1D4C-4E12-82D3-55DA1A67358A}.Debug|Any CPU.Build.0 = Debug|Any CPU
		{29168A71-1D4C-4E12-82D3-55DA1A67358A}.Release|Any CPU.ActiveCfg = Release|Any CPU
		{29168A71-1D4C-4E12-82D3-55DA1A67358A}.Release|Any CPU.Build.0 = Release|Any CPU
	EndGlobalSection
	GlobalSection(SolutionProperties) = preSolution
		HideSolutionNode = FALSE
	EndGlobalSection
	GlobalSection(ExtensibilityGlobals) = postSolution
		SolutionGuid = {159ADD31-510A-4C6B-BFD8-6A2B30F340BC}
	EndGlobalSection
EndGlobal
